
Microsoft Visual Studio Solution File, Format Version 12.00
# Visual Studio Version 17
VisualStudioVersion = 17.6.33927.249
MinimumVisualStudioVersion = 10.0.40219.1
Project("{9A19103F-16F7-4668-BE54-9A1E7A4F7556}") = "Mezo.Api", "Mezo.Api\Mezo.Api.csproj", "{DC57A04B-7923-454A-97A6-6062B2C01CD3}"
EndProject
Project("{9A19103F-16F7-4668-BE54-9A1E7A4F7556}") = "Mezo.Core.Shared", "Mezo.Core.Shared\Mezo.Core.Shared.csproj", "{192C7EAC-56FB-474C-A211-7D7029BD9E65}"
EndProject
Project("{9A19103F-16F7-4668-BE54-9A1E7A4F7556}") = "Mezo.Core", "Mezo.Core\Mezo.Core.csproj", "{DE2C8A8E-8C74-4C2F-A165-767BE344D062}"
EndProject
Project("{9A19103F-16F7-4668-BE54-9A1E7A4F7556}") = "Mezo.Data", "Mezo.Data\Mezo.Data.csproj", "{ADAC5D33-208B-4162-B975-2CE9931DD3D0}"
EndProject
Project("{9A19103F-16F7-4668-BE54-9A1E7A4F7556}") = "Mezo.Data.Shared", "Mezo.Data.Shared\Mezo.Data.Shared.csproj", "{30066CCF-92AC-4B58-B5B0-CD051F745E56}"
EndProject
Project("{FAE04EC0-301F-11D3-BF4B-00C04F79EFBC}") = "Mezo.Tests", "Mezo.Tests\Mezo.Tests.csproj", "{EA2B30CE-790D-4759-B009-36FCA82050A2}"
EndProject
Global
	GlobalSection(SolutionConfigurationPlatforms) = preSolution
		Debug|Any CPU = Debug|Any CPU
		Release|Any CPU = Release|Any CPU
	EndGlobalSection
	GlobalSection(ProjectConfigurationPlatforms) = postSolution
		{DC57A04B-7923-454A-97A6-6062B2C01CD3}.Debug|Any CPU.ActiveCfg = Debug|Any CPU
		{DC57A04B-7923-454A-97A6-6062B2C01CD3}.Debug|Any CPU.Build.0 = Debug|Any CPU
		{DC57A04B-7923-454A-97A6-6062B2C01CD3}.Release|Any CPU.ActiveCfg = Release|Any CPU
		{DC57A04B-7923-454A-97A6-6062B2C01CD3}.Release|Any CPU.Build.0 = Release|Any CPU
		{192C7EAC-56FB-474C-A211-7D7029BD9E65}.Debug|Any CPU.ActiveCfg = Debug|Any CPU
		{192C7EAC-56FB-474C-A211-7D7029BD9E65}.Debug|Any CPU.Build.0 = Debug|Any CPU
		{192C7EAC-56FB-474C-A211-7D7029BD9E65}.Release|Any CPU.ActiveCfg = Release|Any CPU
		{192C7EAC-56FB-474C-A211-7D7029BD9E65}.Release|Any CPU.Build.0 = Release|Any CPU
		{DE2C8A8E-8C74-4C2F-A165-767BE344D062}.Debug|Any CPU.ActiveCfg = Debug|Any CPU
		{DE2C8A8E-8C74-4C2F-A165-767BE344D062}.Debug|Any CPU.Build.0 = Debug|Any CPU
		{DE2C8A8E-8C74-4C2F-A165-767BE344D062}.Release|Any CPU.ActiveCfg = Release|Any CPU
		{DE2C8A8E-8C74-4C2F-A165-767BE344D062}.Release|Any CPU.Build.0 = Release|Any CPU
		{ADAC5D33-208B-4162-B975-2CE9931DD3D0}.Debug|Any CPU.ActiveCfg = Debug|Any CPU
		{ADAC5D33-208B-4162-B975-2CE9931DD3D0}.Debug|Any CPU.Build.0 = Debug|Any CPU
		{ADAC5D33-208B-4162-B975-2CE9931DD3D0}.Release|Any CPU.ActiveCfg = Release|Any CPU
		{ADAC5D33-208B-4162-B975-2CE9931DD3D0}.Release|Any CPU.Build.0 = Release|Any CPU
		{30066CCF-92AC-4B58-B5B0-CD051F745E56}.Debug|Any CPU.ActiveCfg = Debug|Any CPU
		{30066CCF-92AC-4B58-B5B0-CD051F745E56}.Debug|Any CPU.Build.0 = Debug|Any CPU
		{30066CCF-92AC-4B58-B5B0-CD051F745E56}.Release|Any CPU.ActiveCfg = Release|Any CPU
		{30066CCF-92AC-4B58-B5B0-CD051F745E56}.Release|Any CPU.Build.0 = Release|Any CPU
		{EA2B30CE-790D-4759-B009-36FCA82050A2}.Debug|Any CPU.ActiveCfg = Debug|Any CPU
		{EA2B30CE-790D-4759-B009-36FCA82050A2}.Debug|Any CPU.Build.0 = Debug|Any CPU
		{EA2B30CE-790D-4759-B009-36FCA82050A2}.Release|Any CPU.ActiveCfg = Release|Any CPU
		{EA2B30CE-790D-4759-B009-36FCA82050A2}.Release|Any CPU.Build.0 = Release|Any CPU
	EndGlobalSection
	GlobalSection(SolutionProperties) = preSolution
		HideSolutionNode = FALSE
	EndGlobalSection
	GlobalSection(ExtensibilityGlobals) = postSolution
		SolutionGuid = {9C94C9FA-4A83-45B6-BDE3-99255791F65C}
	EndGlobalSection
EndGlobal
